
Microsoft Visual Studio Solution File, Format Version 12.00
# Visual Studio Version 17
VisualStudioVersion = 17.0.31903.59
MinimumVisualStudioVersion = 10.0.40219.1
Project("{9A19103F-16F7-4668-BE54-9A1E7A4F7556}") = "DTO", "DTO\BibliotecaViva.DTO.csproj", "{926819CF-88D1-4D3C-A363-5BFDB97A2651}"
EndProject
Project("{9A19103F-16F7-4668-BE54-9A1E7A4F7556}") = "SAL", "SAL\BibliotecaViva.SAL.csproj", "{C34D244A-CFFB-43E7-8068-70D8EF8EB9EE}"
EndProject
Project("{FAE04EC0-301F-11D3-BF4B-00C04F79EFBC}") = "BLL", "BLL\BibliotecaViva.BLL.csproj", "{9D6683FC-B380-466C-84B2-284BEE297F5F}"
EndProject
Global
	GlobalSection(SolutionConfigurationPlatforms) = preSolution
		Debug|Any CPU = Debug|Any CPU
		Release|Any CPU = Release|Any CPU
	EndGlobalSection
	GlobalSection(ProjectConfigurationPlatforms) = postSolution
		{926819CF-88D1-4D3C-A363-5BFDB97A2651}.Debug|Any CPU.ActiveCfg = Debug|Any CPU
		{926819CF-88D1-4D3C-A363-5BFDB97A2651}.Debug|Any CPU.Build.0 = Debug|Any CPU
		{926819CF-88D1-4D3C-A363-5BFDB97A2651}.Release|Any CPU.ActiveCfg = Release|Any CPU
		{926819CF-88D1-4D3C-A363-5BFDB97A2651}.Release|Any CPU.Build.0 = Release|Any CPU
		{C34D244A-CFFB-43E7-8068-70D8EF8EB9EE}.Debug|Any CPU.ActiveCfg = Debug|Any CPU
		{C34D244A-CFFB-43E7-8068-70D8EF8EB9EE}.Debug|Any CPU.Build.0 = Debug|Any CPU
		{C34D244A-CFFB-43E7-8068-70D8EF8EB9EE}.Release|Any CPU.ActiveCfg = Release|Any CPU
		{C34D244A-CFFB-43E7-8068-70D8EF8EB9EE}.Release|Any CPU.Build.0 = Release|Any CPU
		{9D6683FC-B380-466C-84B2-284BEE297F5F}.Debug|Any CPU.ActiveCfg = Debug|Any CPU
		{9D6683FC-B380-466C-84B2-284BEE297F5F}.Debug|Any CPU.Build.0 = Debug|Any CPU
		{9D6683FC-B380-466C-84B2-284BEE297F5F}.Release|Any CPU.ActiveCfg = Release|Any CPU
		{9D6683FC-B380-466C-84B2-284BEE297F5F}.Release|Any CPU.Build.0 = Release|Any CPU
	EndGlobalSection
	GlobalSection(SolutionProperties) = preSolution
		HideSolutionNode = FALSE
	EndGlobalSection
	GlobalSection(ExtensibilityGlobals) = postSolution
		SolutionGuid = {6CA09201-020E-420E-BD80-E8744F22D8D7}
	EndGlobalSection
EndGlobal
